PODS:
  - IQKeyboardManagerSwift (6.5.6)
  - Realm (10.7.4):
    - Realm/Headers (= 10.7.4)
  - Realm/Headers (10.7.4)
  - RealmSwift (10.7.4):
    - Realm (= 10.7.4)
  - SwiftySound (1.2.0)

DEPENDENCIES:
  - IQKeyboardManagerSwift
  - RealmSwift
  - SwiftySound

SPEC REPOS:
  trunk:
    - IQKeyboardManagerSwift
    - Realm
    - RealmSwift
    - SwiftySound

SPEC CHECKSUMS:
  IQKeyboardManagerSwift: c7df9d2deb356c04522f5c4b7b6e4ce4d8ed94fe
  Realm: f08ce1a85649a41303ecfe1cbd914c62e9e6d710
  RealmSwift: 60ec49d165f23d040ab48811d8dd177e09baf4d3
  SwiftySound: 9eb28bb14edb601b40027e44319e0ef8383f88bf

PODFILE CHECKSUM: 8d549d166e99da5672fa7a376eb6a75decde5d56

COCOAPODS: 1.10.1
